
Microsoft Visual Studio Solution File, Format Version 12.00
# Visual Studio Version 17
VisualStudioVersion = 17.8.34408.163
MinimumVisualStudioVersion = 10.0.40219.1
Project("{8BC9CEB8-8B4A-11D0-8D11-00A0C91BC942}") = "WindowsAIO", "WindowsAIO\WindowsAIO.vcxproj", "{17D2AEB5-8294-43DB-8349-E6FE77C29B8E}"
EndProject
Project("{8BC9CEB8-8B4A-11D0-8D11-00A0C91BC942}") = "SharedItems", "SharedItems\SharedItems.vcxitems", "{599D8FD3-A032-4545-AEF1-7E2DA7E03F74}"
EndProject
Project("{8BC9CEB8-8B4A-11D0-8D11-00A0C91BC942}") = "AsyncServer", "AsyncServer\AsyncServer.vcxproj", "{F68B50A7-45BC-4196-86A2-F5D069347FF4}"
EndProject
Project("{8BC9CEB8-8B4A-11D0-8D11-00A0C91BC942}") = "AsyncClient", "AsyncClient\AsyncClient.vcxproj", "{D6CB80B6-59C3-4A6C-8B24-FD0EDB70AF1E}"
EndProject
Global
	GlobalSection(SolutionConfigurationPlatforms) = preSolution
		Debug|x64 = Debug|x64
		Debug|x86 = Debug|x86
		Release|x64 = Release|x64
		Release|x86 = Release|x86
	EndGlobalSection
	GlobalSection(ProjectConfigurationPlatforms) = postSolution
		{17D2AEB5-8294-43DB-8349-E6FE77C29B8E}.Debug|x64.ActiveCfg = Debug|x64
		{17D2AEB5-8294-43DB-8349-E6FE77C29B8E}.Debug|x64.Build.0 = Debug|x64
		{17D2AEB5-8294-43DB-8349-E6FE77C29B8E}.Debug|x86.ActiveCfg = Debug|Win32
		{17D2AEB5-8294-43DB-8349-E6FE77C29B8E}.Debug|x86.Build.0 = Debug|Win32
		{17D2AEB5-8294-43DB-8349-E6FE77C29B8E}.Release|x64.ActiveCfg = Release|x64
		{17D2AEB5-8294-43DB-8349-E6FE77C29B8E}.Release|x64.Build.0 = Release|x64
		{17D2AEB5-8294-43DB-8349-E6FE77C29B8E}.Release|x86.ActiveCfg = Release|Win32
		{17D2AEB5-8294-43DB-8349-E6FE77C29B8E}.Release|x86.Build.0 = Release|Win32
		{F68B50A7-45BC-4196-86A2-F5D069347FF4}.Debug|x64.ActiveCfg = Debug|x64
		{F68B50A7-45BC-4196-86A2-F5D069347FF4}.Debug|x64.Build.0 = Debug|x64
		{F68B50A7-45BC-4196-86A2-F5D069347FF4}.Debug|x86.ActiveCfg = Debug|Win32
		{F68B50A7-45BC-4196-86A2-F5D069347FF4}.Debug|x86.Build.0 = Debug|Win32
		{F68B50A7-45BC-4196-86A2-F5D069347FF4}.Release|x64.ActiveCfg = Release|x64
		{F68B50A7-45BC-4196-86A2-F5D069347FF4}.Release|x64.Build.0 = Release|x64
		{F68B50A7-45BC-4196-86A2-F5D069347FF4}.Release|x86.ActiveCfg = Release|Win32
		{F68B50A7-45BC-4196-86A2-F5D069347FF4}.Release|x86.Build.0 = Release|Win32
		{D6CB80B6-59C3-4A6C-8B24-FD0EDB70AF1E}.Debug|x64.ActiveCfg = Debug|x64
		{D6CB80B6-59C3-4A6C-8B24-FD0EDB70AF1E}.Debug|x64.Build.0 = Debug|x64
		{D6CB80B6-59C3-4A6C-8B24-FD0EDB70AF1E}.Debug|x86.ActiveCfg = Debug|Win32
		{D6CB80B6-59C3-4A6C-8B24-FD0EDB70AF1E}.Debug|x86.Build.0 = Debug|Win32
		{D6CB80B6-59C3-4A6C-8B24-FD0EDB70AF1E}.Release|x64.ActiveCfg = Release|x64
		{D6CB80B6-59C3-4A6C-8B24-FD0EDB70AF1E}.Release|x64.Build.0 = Release|x64
		{D6CB80B6-59C3-4A6C-8B24-FD0EDB70AF1E}.Release|x86.ActiveCfg = Release|Win32
		{D6CB80B6-59C3-4A6C-8B24-FD0EDB70AF1E}.Release|x86.Build.0 = Release|Win32
	EndGlobalSection
	GlobalSection(SolutionProperties) = preSolution
		HideSolutionNode = FALSE
	EndGlobalSection
	GlobalSection(ExtensibilityGlobals) = postSolution
		SolutionGuid = {8365F637-C45E-46EF-A995-9614C4855A6B}
	EndGlobalSection
	GlobalSection(SharedMSBuildProjectFiles) = preSolution
		SharedItems\SharedItems.vcxitems*{599d8fd3-a032-4545-aef1-7e2da7e03f74}*SharedItemsImports = 9
		SharedItems\SharedItems.vcxitems*{d6cb80b6-59c3-4a6c-8b24-fd0edb70af1e}*SharedItemsImports = 4
		SharedItems\SharedItems.vcxitems*{f68b50a7-45bc-4196-86a2-f5d069347ff4}*SharedItemsImports = 4
	EndGlobalSection
EndGlobal
